
Microsoft Visual Studio Solution File, Format Version 12.00
# Visual Studio Version 17
VisualStudioVersion = 17.4.33403.182
MinimumVisualStudioVersion = 10.0.40219.1
Project("{FAE04EC0-301F-11D3-BF4B-00C04F79EFBC}") = "EmployeeData", "EmployeeData.csproj", "{E8355E45-0848-4A01-A30B-B997C400D14A}"
EndProject
Global
	GlobalSection(SolutionConfigurationPlatforms) = preSolution
		Debug|Any CPU = Debug|Any CPU
		Release|Any CPU = Release|Any CPU
	EndGlobalSection
	GlobalSection(ProjectConfigurationPlatforms) = postSolution
		{E8355E45-0848-4A01-A30B-B997C400D14A}.Debug|Any CPU.ActiveCfg = Debug|Any CPU
		{E8355E45-0848-4A01-A30B-B997C400D14A}.Debug|Any CPU.Build.0 = Debug|Any CPU
		{E8355E45-0848-4A01-A30B-B997C400D14A}.Release|Any CPU.ActiveCfg = Release|Any CPU
		{E8355E45-0848-4A01-A30B-B997C400D14A}.Release|Any CPU.Build.0 = Release|Any CPU
	EndGlobalSection
	GlobalSection(SolutionProperties) = preSolution
		HideSolutionNode = FALSE
	EndGlobalSection
	GlobalSection(ExtensibilityGlobals) = postSolution
		SolutionGuid = {2542351C-093F-43F6-B4A0-D499E9BD30DE}
	EndGlobalSection
EndGlobal
